{
  "name": "ListEase",
  "lockfileVersion": 2,
  "requires": true,
  "packages": {
    "": {
      "dependencies": {
        "@next/font": "^13.2.4"
      }
    },
    "node_modules/@next/font": {
      "version": "13.2.4",
      "resolved": "https://registry.npmjs.org/@next/font/-/font-13.2.4.tgz",
      "integrity": "sha512-lMAnuOYjv5g22WhD00u0DQ9u2rTMJH0S64PKE4Sy8Y2q+FJTYs6ZHT2z3VRoI8+AOWSLK4FirpnygcjOienQ9A=="
    }
  },
  "dependencies": {
    "@next/font": {
      "version": "13.2.4",
      "resolved": "https://registry.npmjs.org/@next/font/-/font-13.2.4.tgz",
      "integrity": "sha512-lMAnuOYjv5g22WhD00u0DQ9u2rTMJH0S64PKE4Sy8Y2q+FJTYs6ZHT2z3VRoI8+AOWSLK4FirpnygcjOienQ9A=="
    }
  }
}
